name: Regenerate uv lock

on:
  push:
    branches:
      - fix/pillow-security-2026

permissions:
  contents: write

jobs:
  lock:
    runs-on: ubuntu-latest
    steps:
      - uses: actions/checkout@3d3c42e5aac5ba805825da76410c181273ba90b1 # v7.0.1
      - uses: astral-sh/setup-uv@c771a70e6277c0a99b617c7a806ffedaca235ff9 # v9.0.0
      - run: uv lock
      - name: Commit updated lockfile
        run: |
          if git diff --quiet -- uv.lock; then
            exit 0
          fi
          git config user.name "github-actions[bot]"
          git config user.email "41898282+github-actions[bot]@users.noreply.github.com"
          git add uv.lock
          git commit -m "chore: regenerate uv lockfile"
          git push
